
Microsoft Visual Studio Solution File, Format Version 12.00
# Visual Studio Version 17
VisualStudioVersion = 17.0.31903.59
MinimumVisualStudioVersion = 10.0.40219.1
Project("{2150E333-8FDC-42A3-9474-1A3956D46DE8}") = "src", "src", "{D30CE2A2-4E6F-470E-A7E4-BE1DE72BD4C5}"
EndProject
Project("{2150E333-8FDC-42A3-9474-1A3956D46DE8}") = "tests", "tests", "{A95CAAEC-665D-4509-B593-AD745C608ADB}"
EndProject
Project("{FAE04EC0-301F-11D3-BF4B-00C04F79EFBC}") = "Ossum.CQRS", "src\Ossum.CQRS\Ossum.CQRS.csproj", "{635D1D58-6147-4E1A-A174-60752D22ABD3}"
EndProject
Project("{FAE04EC0-301F-11D3-BF4B-00C04F79EFBC}") = "Ossum.CQRS.UnitTests", "tests\Ossum.CQRS.UnitTests\Ossum.CQRS.UnitTests.csproj", "{D5E3C998-8A2E-4B83-A688-3818E6FB757F}"
EndProject
Global
	GlobalSection(SolutionConfigurationPlatforms) = preSolution
		Debug|Any CPU = Debug|Any CPU
		Release|Any CPU = Release|Any CPU
	EndGlobalSection
	GlobalSection(ProjectConfigurationPlatforms) = postSolution
		{635D1D58-6147-4E1A-A174-60752D22ABD3}.Debug|Any CPU.ActiveCfg = Debug|Any CPU
		{635D1D58-6147-4E1A-A174-60752D22ABD3}.Debug|Any CPU.Build.0 = Debug|Any CPU
		{635D1D58-6147-4E1A-A174-60752D22ABD3}.Release|Any CPU.ActiveCfg = Release|Any CPU
		{635D1D58-6147-4E1A-A174-60752D22ABD3}.Release|Any CPU.Build.0 = Release|Any CPU
		{D5E3C998-8A2E-4B83-A688-3818E6FB757F}.Debug|Any CPU.ActiveCfg = Debug|Any CPU
		{D5E3C998-8A2E-4B83-A688-3818E6FB757F}.Debug|Any CPU.Build.0 = Debug|Any CPU
		{D5E3C998-8A2E-4B83-A688-3818E6FB757F}.Release|Any CPU.ActiveCfg = Release|Any CPU
		{D5E3C998-8A2E-4B83-A688-3818E6FB757F}.Release|Any CPU.Build.0 = Release|Any CPU
	EndGlobalSection
	GlobalSection(SolutionProperties) = preSolution
		HideSolutionNode = FALSE
	EndGlobalSection
	GlobalSection(NestedProjects) = preSolution
		{635D1D58-6147-4E1A-A174-60752D22ABD3} = {D30CE2A2-4E6F-470E-A7E4-BE1DE72BD4C5}
		{D5E3C998-8A2E-4B83-A688-3818E6FB757F} = {A95CAAEC-665D-4509-B593-AD745C608ADB}
	EndGlobalSection
EndGlobal
